<?xml version="1.0" encoding="utf-8"?>
<Project ToolsVersion="4.0" xmlns="http://schemas.microsoft.com/developer/msbuild/2003">
  <ItemGroup>
    <Filter Include="源文件">
      <UniqueIdentifier>{4FC737F1-C7A5-4376-A066-2A32D752A2FF}</UniqueIdentifier>
      <Extensions>cpp;c;cc;cxx;def;odl;idl;hpj;bat;asm;asmx</Extensions>
    </Filter>
    <Filter Include="头文件">
      <UniqueIdentifier>{93995380-89BD-4b04-88EB-625FBE52EBFB}</UniqueIdentifier>
      <Extensions>h;hh;hpp;hxx;hm;inl;inc;xsd</Extensions>
    </Filter>
    <Filter Include="资源文件">
      <UniqueIdentifier>{67DA6AB6-F800-4c08-8B7A-83BB121AAD01}</UniqueIdentifier>
      <Extensions>rc;ico;cur;bmp;dlg;rc2;rct;bin;rgs;gif;jpg;jpeg;jpe;resx;tiff;tif;png;wav;mfcribbon-ms</Extensions>
    </Filter>
  </ItemGroup>
  <ItemGroup>
    <ClInclude Include="..\..\STM8cnt\Project\ALL_Includes.h">
      <Filter>头文件</Filter>
    </ClInclude>
    <ClInclude Include="..\..\STM8cnt\Project\MyType.h">
      <Filter>头文件</Filter>
    </ClInclude>
    <ClInclude Include="..\..\STM8cnt\Project\stm8s.h">
      <Filter>头文件</Filter>
    </ClInclude>
    <ClInclude Include="..\..\STM8cnt\Project\stm8s_type.h">
      <Filter>头文件</Filter>
    </ClInclude>
    <ClInclude Include="..\..\STM8cnt\Refer\inc\24l01.h">
      <Filter>头文件</Filter>
    </ClInclude>
    <ClInclude Include="..\..\STM8cnt\Refer\inc\ADC.h">
      <Filter>头文件</Filter>
    </ClInclude>
    <ClInclude Include="..\..\STM8cnt\Refer\inc\delay.h">
      <Filter>头文件</Filter>
    </ClInclude>
    <ClInclude Include="..\..\STM8cnt\Refer\inc\eeprom.h">
      <Filter>头文件</Filter>
    </ClInclude>
    <ClInclude Include="..\..\STM8cnt\Refer\inc\EXIT.h">
      <Filter>头文件</Filter>
    </ClInclude>
    <ClInclude Include="..\..\STM8cnt\Refer\inc\led.h">
      <Filter>头文件</Filter>
    </ClInclude>
    <ClInclude Include="..\..\STM8cnt\Refer\inc\motor.h">
      <Filter>头文件</Filter>
    </ClInclude>
    <ClInclude Include="..\..\STM8cnt\Refer\inc\remote.h">
      <Filter>头文件</Filter>
    </ClInclude>
    <ClInclude Include="..\..\STM8cnt\Refer\inc\spi.h">
      <Filter>头文件</Filter>
    </ClInclude>
    <ClInclude Include="..\..\STM8cnt\Refer\inc\time.h">
      <Filter>头文件</Filter>
    </ClInclude>
    <ClInclude Include="..\..\STM8cnt\Refer\inc\Sled.h">
      <Filter>头文件</Filter>
    </ClInclude>
  </ItemGroup>
  <ItemGroup>
    <ClCompile Include="..\..\STM8cnt\Project\main.c">
      <Filter>源文件</Filter>
    </ClCompile>
    <ClCompile Include="..\..\STM8cnt\Refer\src\24l01.c">
      <Filter>源文件</Filter>
    </ClCompile>
    <ClCompile Include="..\..\STM8cnt\Refer\src\ADC.c">
      <Filter>源文件</Filter>
    </ClCompile>
    <ClCompile Include="..\..\STM8cnt\Refer\src\delay.c">
      <Filter>源文件</Filter>
    </ClCompile>
    <ClCompile Include="..\..\STM8cnt\Refer\src\eeprom.c">
      <Filter>源文件</Filter>
    </ClCompile>
    <ClCompile Include="..\..\STM8cnt\Refer\src\EXIT.c">
      <Filter>源文件</Filter>
    </ClCompile>
    <ClCompile Include="..\..\STM8cnt\Refer\src\led.c">
      <Filter>源文件</Filter>
    </ClCompile>
    <ClCompile Include="..\..\STM8cnt\Refer\src\motor.c">
      <Filter>源文件</Filter>
    </ClCompile>
    <ClCompile Include="..\..\STM8cnt\Refer\src\remote.c">
      <Filter>源文件</Filter>
    </ClCompile>
    <ClCompile Include="..\..\STM8cnt\Refer\src\spi.c">
      <Filter>源文件</Filter>
    </ClCompile>
    <ClCompile Include="..\..\STM8cnt\Refer\src\time.c">
      <Filter>源文件</Filter>
    </ClCompile>
    <ClCompile Include="..\..\STM8cnt\Refer\src\Sled.c">
      <Filter>源文件</Filter>
    </ClCompile>
  </ItemGroup>
</Project>